
Microsoft Visual Studio Solution File, Format Version 12.00
# Visual Studio Version 17
VisualStudioVersion = 17.3.32819.101
MinimumVisualStudioVersion = 10.0.40219.1
Project("{9A19103F-16F7-4668-BE54-9A1E7A4F7556}") = "Santa_WishList", "Santa_WishList\Santa_WishList.csproj", "{BEA87FE6-9316-4B3A-9F9F-8E04D6A2ADB2}"
EndProject
Project("{FAE04EC0-301F-11D3-BF4B-00C04F79EFBC}") = "SantasWishlist_Data", "SantasWishlist_Data\SantasWishlist_Data.csproj", "{E51C8DDA-FCCC-4677-8AED-5F94717317B0}"
EndProject
Global
	GlobalSection(SolutionConfigurationPlatforms) = preSolution
		Debug|Any CPU = Debug|Any CPU
		Release|Any CPU = Release|Any CPU
	EndGlobalSection
	GlobalSection(ProjectConfigurationPlatforms) = postSolution
		{BEA87FE6-9316-4B3A-9F9F-8E04D6A2ADB2}.Debug|Any CPU.ActiveCfg = Debug|Any CPU
		{BEA87FE6-9316-4B3A-9F9F-8E04D6A2ADB2}.Debug|Any CPU.Build.0 = Debug|Any CPU
		{BEA87FE6-9316-4B3A-9F9F-8E04D6A2ADB2}.Release|Any CPU.ActiveCfg = Release|Any CPU
		{BEA87FE6-9316-4B3A-9F9F-8E04D6A2ADB2}.Release|Any CPU.Build.0 = Release|Any CPU
		{E51C8DDA-FCCC-4677-8AED-5F94717317B0}.Debug|Any CPU.ActiveCfg = Debug|Any CPU
		{E51C8DDA-FCCC-4677-8AED-5F94717317B0}.Debug|Any CPU.Build.0 = Debug|Any CPU
		{E51C8DDA-FCCC-4677-8AED-5F94717317B0}.Release|Any CPU.ActiveCfg = Release|Any CPU
		{E51C8DDA-FCCC-4677-8AED-5F94717317B0}.Release|Any CPU.Build.0 = Release|Any CPU
	EndGlobalSection
	GlobalSection(SolutionProperties) = preSolution
		HideSolutionNode = FALSE
	EndGlobalSection
	GlobalSection(ExtensibilityGlobals) = postSolution
		SolutionGuid = {A608E825-05F1-4F80-BC2C-B9D94BC335F2}
	EndGlobalSection
EndGlobal
